
Microsoft Visual Studio Solution File, Format Version 12.00
# Visual Studio Version 17
VisualStudioVersion = 17.6.33723.286
MinimumVisualStudioVersion = 10.0.40219.1
Project("{FAE04EC0-301F-11D3-BF4B-00C04F79EFBC}") = "Assemply", "Assemply.csproj", "{60AABA6D-3230-4606-9684-56087A172448}"
EndProject
Project("{FAE04EC0-301F-11D3-BF4B-00C04F79EFBC}") = "Assembly1", "..\Assembly2\Assembly1.csproj", "{BA60A69A-25A8-4069-AF52-1CBCE0AA4733}"
EndProject
Project("{FAE04EC0-301F-11D3-BF4B-00C04F79EFBC}") = "Constructors", "..\Constructors\Constructors.csproj", "{E0B1042C-1D88-4A12-B3F0-6DAF364D3AA8}"
EndProject
Project("{FAE04EC0-301F-11D3-BF4B-00C04F79EFBC}") = "StaticAndPrivate", "..\StaticAndPrivate\StaticAndPrivate.csproj", "{D64CEA7C-3C06-4007-B435-2797B882AFC0}"
EndProject
Project("{FAE04EC0-301F-11D3-BF4B-00C04F79EFBC}") = "Inheritance", "..\Inheritance\Inheritance.csproj", "{34EABE3B-26A2-433A-AABB-5D3734D9DED2}"
EndProject
Global
	GlobalSection(SolutionConfigurationPlatforms) = preSolution
		Debug|Any CPU = Debug|Any CPU
		Release|Any CPU = Release|Any CPU
	EndGlobalSection
	GlobalSection(ProjectConfigurationPlatforms) = postSolution
		{60AABA6D-3230-4606-9684-56087A172448}.Debug|Any CPU.ActiveCfg = Debug|Any CPU
		{60AABA6D-3230-4606-9684-56087A172448}.Debug|Any CPU.Build.0 = Debug|Any CPU
		{60AABA6D-3230-4606-9684-56087A172448}.Release|Any CPU.ActiveCfg = Release|Any CPU
		{60AABA6D-3230-4606-9684-56087A172448}.Release|Any CPU.Build.0 = Release|Any CPU
		{BA60A69A-25A8-4069-AF52-1CBCE0AA4733}.Debug|Any CPU.ActiveCfg = Debug|Any CPU
		{BA60A69A-25A8-4069-AF52-1CBCE0AA4733}.Debug|Any CPU.Build.0 = Debug|Any CPU
		{BA60A69A-25A8-4069-AF52-1CBCE0AA4733}.Release|Any CPU.ActiveCfg = Release|Any CPU
		{BA60A69A-25A8-4069-AF52-1CBCE0AA4733}.Release|Any CPU.Build.0 = Release|Any CPU
		{E0B1042C-1D88-4A12-B3F0-6DAF364D3AA8}.Debug|Any CPU.ActiveCfg = Debug|Any CPU
		{E0B1042C-1D88-4A12-B3F0-6DAF364D3AA8}.Debug|Any CPU.Build.0 = Debug|Any CPU
		{E0B1042C-1D88-4A12-B3F0-6DAF364D3AA8}.Release|Any CPU.ActiveCfg = Release|Any CPU
		{E0B1042C-1D88-4A12-B3F0-6DAF364D3AA8}.Release|Any CPU.Build.0 = Release|Any CPU
		{D64CEA7C-3C06-4007-B435-2797B882AFC0}.Debug|Any CPU.ActiveCfg = Debug|Any CPU
		{D64CEA7C-3C06-4007-B435-2797B882AFC0}.Debug|Any CPU.Build.0 = Debug|Any CPU
		{D64CEA7C-3C06-4007-B435-2797B882AFC0}.Release|Any CPU.ActiveCfg = Release|Any CPU
		{D64CEA7C-3C06-4007-B435-2797B882AFC0}.Release|Any CPU.Build.0 = Release|Any CPU
		{34EABE3B-26A2-433A-AABB-5D3734D9DED2}.Debug|Any CPU.ActiveCfg = Debug|Any CPU
		{34EABE3B-26A2-433A-AABB-5D3734D9DED2}.Debug|Any CPU.Build.0 = Debug|Any CPU
		{34EABE3B-26A2-433A-AABB-5D3734D9DED2}.Release|Any CPU.ActiveCfg = Release|Any CPU
		{34EABE3B-26A2-433A-AABB-5D3734D9DED2}.Release|Any CPU.Build.0 = Release|Any CPU
	EndGlobalSection
	GlobalSection(SolutionProperties) = preSolution
		HideSolutionNode = FALSE
	EndGlobalSection
	GlobalSection(ExtensibilityGlobals) = postSolution
		SolutionGuid = {6BA8A561-81E4-4D0C-8629-079C781ADE6A}
	EndGlobalSection
EndGlobal
